
Microsoft Visual Studio Solution File, Format Version 12.00
# Visual Studio Version 16
VisualStudioVersion = 16.0.31729.503
MinimumVisualStudioVersion = 10.0.40219.1
Project("{8BC9CEB8-8B4A-11D0-8D11-00A0C91BC942}") = "Client", "Client\Client.vcxproj", "{B6F84DC4-E102-400A-9DA7-A4BD1D09037E}"
EndProject
Project("{8BC9CEB8-8B4A-11D0-8D11-00A0C91BC942}") = "Server", "Server\Server.vcxproj", "{E8A3A427-F9F3-4943-98B0-14104244FFEE}"
EndProject
Global
	GlobalSection(SolutionConfigurationPlatforms) = preSolution
		Debug|x64 = Debug|x64
		Debug|x86 = Debug|x86
		Release|x64 = Release|x64
		Release|x86 = Release|x86
	EndGlobalSection
	GlobalSection(ProjectConfigurationPlatforms) = postSolution
		{B6F84DC4-E102-400A-9DA7-A4BD1D09037E}.Debug|x64.ActiveCfg = Debug|x64
		{B6F84DC4-E102-400A-9DA7-A4BD1D09037E}.Debug|x64.Build.0 = Debug|x64
		{B6F84DC4-E102-400A-9DA7-A4BD1D09037E}.Debug|x86.ActiveCfg = Debug|Win32
		{B6F84DC4-E102-400A-9DA7-A4BD1D09037E}.Debug|x86.Build.0 = Debug|Win32
		{B6F84DC4-E102-400A-9DA7-A4BD1D09037E}.Release|x64.ActiveCfg = Release|x64
		{B6F84DC4-E102-400A-9DA7-A4BD1D09037E}.Release|x64.Build.0 = Release|x64
		{B6F84DC4-E102-400A-9DA7-A4BD1D09037E}.Release|x86.ActiveCfg = Release|Win32
		{B6F84DC4-E102-400A-9DA7-A4BD1D09037E}.Release|x86.Build.0 = Release|Win32
		{E8A3A427-F9F3-4943-98B0-14104244FFEE}.Debug|x64.ActiveCfg = Debug|x64
		{E8A3A427-F9F3-4943-98B0-14104244FFEE}.Debug|x64.Build.0 = Debug|x64
		{E8A3A427-F9F3-4943-98B0-14104244FFEE}.Debug|x86.ActiveCfg = Debug|Win32
		{E8A3A427-F9F3-4943-98B0-14104244FFEE}.Debug|x86.Build.0 = Debug|Win32
		{E8A3A427-F9F3-4943-98B0-14104244FFEE}.Release|x64.ActiveCfg = Release|x64
		{E8A3A427-F9F3-4943-98B0-14104244FFEE}.Release|x64.Build.0 = Release|x64
		{E8A3A427-F9F3-4943-98B0-14104244FFEE}.Release|x86.ActiveCfg = Release|Win32
		{E8A3A427-F9F3-4943-98B0-14104244FFEE}.Release|x86.Build.0 = Release|Win32
	EndGlobalSection
	GlobalSection(SolutionProperties) = preSolution
		HideSolutionNode = FALSE
	EndGlobalSection
	GlobalSection(ExtensibilityGlobals) = postSolution
		SolutionGuid = {B1B2E164-7C11-4684-A557-BC0B47ABC687}
	EndGlobalSection
EndGlobal
